
Microsoft Visual Studio Solution File, Format Version 12.00
# Visual Studio Version 17
VisualStudioVersion = 17.14.37314.3 d17.14
MinimumVisualStudioVersion = 10.0.40219.1
Project("{FAE04EC0-301F-11D3-BF4B-00C04F79EFBC}") = "ArraysTrainingDemo", "ArraysTrainingDemo\ArraysTrainingDemo.csproj", "{65F48AA1-E4E6-4E61-B18F-BBCB3C1D9580}"
EndProject
Global
	GlobalSection(SolutionConfigurationPlatforms) = preSolution
		Debug|Any CPU = Debug|Any CPU
		Release|Any CPU = Release|Any CPU
	EndGlobalSection
	GlobalSection(ProjectConfigurationPlatforms) = postSolution
		{65F48AA1-E4E6-4E61-B18F-BBCB3C1D9580}.Debug|Any CPU.ActiveCfg = Debug|Any CPU
		{65F48AA1-E4E6-4E61-B18F-BBCB3C1D9580}.Debug|Any CPU.Build.0 = Debug|Any CPU
		{65F48AA1-E4E6-4E61-B18F-BBCB3C1D9580}.Release|Any CPU.ActiveCfg = Release|Any CPU
		{65F48AA1-E4E6-4E61-B18F-BBCB3C1D9580}.Release|Any CPU.Build.0 = Release|Any CPU
	EndGlobalSection
	GlobalSection(SolutionProperties) = preSolution
		HideSolutionNode = FALSE
	EndGlobalSection
	GlobalSection(ExtensibilityGlobals) = postSolution
		SolutionGuid = {14829579-EAD4-4957-9A26-D0815D7C056B}
	EndGlobalSection
EndGlobal
