
Microsoft Visual Studio Solution File, Format Version 12.00
# Visual Studio Version 17
VisualStudioVersion = 17.14.37314.3 d17.14
MinimumVisualStudioVersion = 10.0.40219.1
Project("{FAE04EC0-301F-11D3-BF4B-00C04F79EFBC}") = "CareBridge.EFCoreDemo", "CareBridge.EFCoreDemo\CareBridge.EFCoreDemo.csproj", "{D5AFA33E-074D-4467-8400-5B47721AD596}"
EndProject
Project("{FAE04EC0-301F-11D3-BF4B-00C04F79EFBC}") = "CareBridge.API", "CareBridge.API\CareBridge.API.csproj", "{378C8DB8-2C57-4AD0-B02F-E7926D7B3304}"
EndProject
Global
	GlobalSection(SolutionConfigurationPlatforms) = preSolution
		Debug|Any CPU = Debug|Any CPU
		Release|Any CPU = Release|Any CPU
	EndGlobalSection
	GlobalSection(ProjectConfigurationPlatforms) = postSolution
		{D5AFA33E-074D-4467-8400-5B47721AD596}.Debug|Any CPU.ActiveCfg = Debug|Any CPU
		{D5AFA33E-074D-4467-8400-5B47721AD596}.Debug|Any CPU.Build.0 = Debug|Any CPU
		{D5AFA33E-074D-4467-8400-5B47721AD596}.Release|Any CPU.ActiveCfg = Release|Any CPU
		{D5AFA33E-074D-4467-8400-5B47721AD596}.Release|Any CPU.Build.0 = Release|Any CPU
		{378C8DB8-2C57-4AD0-B02F-E7926D7B3304}.Debug|Any CPU.ActiveCfg = Debug|Any CPU
		{378C8DB8-2C57-4AD0-B02F-E7926D7B3304}.Debug|Any CPU.Build.0 = Debug|Any CPU
		{378C8DB8-2C57-4AD0-B02F-E7926D7B3304}.Release|Any CPU.ActiveCfg = Release|Any CPU
		{378C8DB8-2C57-4AD0-B02F-E7926D7B3304}.Release|Any CPU.Build.0 = Release|Any CPU
	EndGlobalSection
	GlobalSection(SolutionProperties) = preSolution
		HideSolutionNode = FALSE
	EndGlobalSection
	GlobalSection(ExtensibilityGlobals) = postSolution
		SolutionGuid = {09CB5E4E-52E8-4C6C-BCFA-0E5BE2E95497}
	EndGlobalSection
EndGlobal
