
Microsoft Visual Studio Solution File, Format Version 12.00
# Visual Studio Version 17
VisualStudioVersion = 17.14.37314.3 d17.14
MinimumVisualStudioVersion = 10.0.40219.1
Project("{FAE04EC0-301F-11D3-BF4B-00C04F79EFBC}") = "PatientRegistryConsole", "PatientRegistryConsole\PatientRegistryConsole.csproj", "{4CA1C3DA-AF86-489F-B208-099A2DDFA07C}"
EndProject
Global
	GlobalSection(SolutionConfigurationPlatforms) = preSolution
		Debug|Any CPU = Debug|Any CPU
		Release|Any CPU = Release|Any CPU
	EndGlobalSection
	GlobalSection(ProjectConfigurationPlatforms) = postSolution
		{4CA1C3DA-AF86-489F-B208-099A2DDFA07C}.Debug|Any CPU.ActiveCfg = Debug|Any CPU
		{4CA1C3DA-AF86-489F-B208-099A2DDFA07C}.Debug|Any CPU.Build.0 = Debug|Any CPU
		{4CA1C3DA-AF86-489F-B208-099A2DDFA07C}.Release|Any CPU.ActiveCfg = Release|Any CPU
		{4CA1C3DA-AF86-489F-B208-099A2DDFA07C}.Release|Any CPU.Build.0 = Release|Any CPU
	EndGlobalSection
	GlobalSection(SolutionProperties) = preSolution
		HideSolutionNode = FALSE
	EndGlobalSection
	GlobalSection(ExtensibilityGlobals) = postSolution
		SolutionGuid = {42A65E85-66A1-4F55-A7B7-5382201B15B6}
	EndGlobalSection
EndGlobal
